
Microsoft Visual Studio Solution File, Format Version 12.00
# Visual Studio Version 16
VisualStudioVersion = 16.0.31624.102
MinimumVisualStudioVersion = 10.0.40219.1
Project("{FAE04EC0-301F-11D3-BF4B-00C04F79EFBC}") = "MessageService", "MessageService.csproj", "{BD845BC2-D76B-4E60-97B1-9532311E38A7}"
EndProject
Global
	GlobalSection(SolutionConfigurationPlatforms) = preSolution
		Debug|Any CPU = Debug|Any CPU
		Release|Any CPU = Release|Any CPU
	EndGlobalSection
	GlobalSection(ProjectConfigurationPlatforms) = postSolution
		{BD845BC2-D76B-4E60-97B1-9532311E38A7}.Debug|Any CPU.ActiveCfg = Debug|Any CPU
		{BD845BC2-D76B-4E60-97B1-9532311E38A7}.Debug|Any CPU.Build.0 = Debug|Any CPU
		{BD845BC2-D76B-4E60-97B1-9532311E38A7}.Release|Any CPU.ActiveCfg = Release|Any CPU
		{BD845BC2-D76B-4E60-97B1-9532311E38A7}.Release|Any CPU.Build.0 = Release|Any CPU
	EndGlobalSection
	GlobalSection(SolutionProperties) = preSolution
		HideSolutionNode = FALSE
	EndGlobalSection
	GlobalSection(ExtensibilityGlobals) = postSolution
		SolutionGuid = {5FC49D75-78B5-411F-A645-C73F8634050E}
	EndGlobalSection
EndGlobal
